
Microsoft Visual Studio Solution File, Format Version 12.00
# Visual Studio Express 2013 for Windows Desktop
VisualStudioVersion = 12.0.30723.0
MinimumVisualStudioVersion = 10.0.40219.1
Project("{FAE04EC0-301F-11D3-BF4B-00C04F79EFBC}") = "Hello", "Hello\Hello.csproj", "{EED95B4B-0082-481B-91DA-21ECA9A5C436}"
EndProject
Global
	GlobalSection(SolutionConfigurationPlatforms) = preSolution
		Debug|Any CPU = Debug|Any CPU
		Release|Any CPU = Release|Any CPU
	EndGlobalSection
	GlobalSection(ProjectConfigurationPlatforms) = postSolution
		{EED95B4B-0082-481B-91DA-21ECA9A5C436}.Debug|Any CPU.ActiveCfg = Debug|Any CPU
		{EED95B4B-0082-481B-91DA-21ECA9A5C436}.Debug|Any CPU.Build.0 = Debug|Any CPU
		{EED95B4B-0082-481B-91DA-21ECA9A5C436}.Release|Any CPU.ActiveCfg = Release|Any CPU
		{EED95B4B-0082-481B-91DA-21ECA9A5C436}.Release|Any CPU.Build.0 = Release|Any CPU
	EndGlobalSection
	GlobalSection(SolutionProperties) = preSolution
		HideSolutionNode = FALSE
	EndGlobalSection
EndGlobal
